
Microsoft Visual Studio Solution File, Format Version 12.00
# Visual Studio Version 17
VisualStudioVersion = 17.3.32929.385
MinimumVisualStudioVersion = 10.0.40219.1
Project("{FAE04EC0-301F-11D3-BF4B-00C04F79EFBC}") = "Ovn1", "Ovn1\Ovn1.csproj", "{0B289382-B351-40C1-AB7B-29B3125D79B5}"
EndProject
Global
	GlobalSection(SolutionConfigurationPlatforms) = preSolution
		Debug|Any CPU = Debug|Any CPU
		Release|Any CPU = Release|Any CPU
	EndGlobalSection
	GlobalSection(ProjectConfigurationPlatforms) = postSolution
		{0B289382-B351-40C1-AB7B-29B3125D79B5}.Debug|Any CPU.ActiveCfg = Debug|Any CPU
		{0B289382-B351-40C1-AB7B-29B3125D79B5}.Debug|Any CPU.Build.0 = Debug|Any CPU
		{0B289382-B351-40C1-AB7B-29B3125D79B5}.Release|Any CPU.ActiveCfg = Release|Any CPU
		{0B289382-B351-40C1-AB7B-29B3125D79B5}.Release|Any CPU.Build.0 = Release|Any CPU
	EndGlobalSection
	GlobalSection(SolutionProperties) = preSolution
		HideSolutionNode = FALSE
	EndGlobalSection
	GlobalSection(ExtensibilityGlobals) = postSolution
		SolutionGuid = {BBFB65D1-F352-4F00-B5E1-126467CF3E8F}
	EndGlobalSection
EndGlobal
